version: 5
environments:
  default:
    channels:
    - url: https://conda.anaconda.org/conda-forge/
    packages:
      linux-64:
      - conda: https://conda.anaconda.org/conda-forge/linux-64/_libgcc_mutex-0.1-conda_forge.tar.bz2
      - conda: https://conda.anaconda.org/conda-forge/linux-64/_openmp_mutex-4.5-2_gnu.tar.bz2
      - conda: https://conda.anaconda.org/conda-forge/linux-64/aws-c-auth-0.7.31-hd5d0ea3_3.conda
      - conda: https://conda.anaconda.org/conda-forge/linux-64/aws-c-cal-0.7.4-hae4d56a_2.conda
      - conda: https://conda.anaconda.org/conda-forge/linux-64/aws-c-common-0.9.29-hb9d3cd8_0.conda
      - conda: https://conda.anaconda.org/conda-forge/linux-64/aws-c-compression-0.2.19-h2bff981_2.conda
      - conda: https://conda.anaconda.org/conda-forge/linux-64/aws-c-event-stream-0.4.3-h6c1f5b1_5.conda
      - conda: https://conda.anaconda.org/conda-forge/linux-64/aws-c-http-0.8.10-hf2c527e_3.conda
      - conda: https://conda.anaconda.org/conda-forge/linux-64/aws-c-io-0.14.20-hc9e6898_0.conda
      - conda: https://conda.anaconda.org/conda-forge/linux-64/aws-c-mqtt-0.10.7-hfbb250a_3.conda
      - conda: https://conda.anaconda.org/conda-forge/linux-64/aws-c-s3-0.6.7-h7f2cdf9_1.conda
      - conda: https://conda.anaconda.org/conda-forge/linux-64/aws-c-sdkutils-0.1.19-h2bff981_4.conda
      - conda: https://conda.anaconda.org/conda-forge/linux-64/aws-checksums-0.1.20-h2bff981_1.conda
      - conda: https://conda.anaconda.org/conda-forge/linux-64/awscli-2.18.11-py312h7900ff3_0.conda
      - conda: https://conda.anaconda.org/conda-forge/linux-64/awscrt-0.22.0-py312hce51685_6.conda
      - conda: https://conda.anaconda.org/conda-forge/noarch/boto-2.49.0-py_0.tar.bz2
      - conda: https://conda.anaconda.org/conda-forge/noarch/boto3-1.35.45-pyhd8ed1ab_0.conda
      - conda: https://conda.anaconda.org/conda-forge/noarch/botocore-1.35.45-pyge310_1234567_0.conda
      - conda: https://conda.anaconda.org/conda-forge/linux-64/brotli-python-1.1.0-py312h2ec8cdc_2.conda
      - conda: https://conda.anaconda.org/conda-forge/linux-64/bzip2-1.0.8-h4bc722e_7.conda
      - conda: https://conda.anaconda.org/conda-forge/linux-64/ca-certificates-2024.8.30-hbcca054_0.conda
      - conda: https://conda.anaconda.org/conda-forge/linux-64/cffi-1.17.1-py312h06ac9bb_0.conda
      - conda: https://conda.anaconda.org/conda-forge/noarch/click-8.1.7-unix_pyh707e725_0.conda
      - conda: https://conda.anaconda.org/conda-forge/noarch/colorama-0.4.6-pyhd8ed1ab_0.tar.bz2
      - conda: https://conda.anaconda.org/conda-forge/linux-64/cryptography-43.0.1-py312hda17c39_0.conda
      - conda: https://conda.anaconda.org/conda-forge/noarch/distro-1.8.0-pyhd8ed1ab_0.conda
      - conda: https://conda.anaconda.org/conda-forge/linux-64/docutils-0.17.1-py312h7900ff3_5.conda
      - conda: https://conda.anaconda.org/conda-forge/noarch/jmespath-1.0.1-pyhd8ed1ab_0.tar.bz2
      - conda: https://conda.anaconda.org/conda-forge/linux-64/ld_impl_linux-64-2.43-h712a8e2_1.conda
      - conda: https://conda.anaconda.org/conda-forge/linux-64/libexpat-2.6.3-h5888daf_0.conda
      - conda: https://conda.anaconda.org/conda-forge/linux-64/libffi-3.4.2-h7f98852_5.tar.bz2
      - conda: https://conda.anaconda.org/conda-forge/linux-64/libgcc-14.2.0-h77fa898_1.conda
      - conda: https://conda.anaconda.org/conda-forge/linux-64/libgcc-ng-14.2.0-h69a702a_1.conda
      - conda: https://conda.anaconda.org/conda-forge/linux-64/libgomp-14.2.0-h77fa898_1.conda
      - conda: https://conda.anaconda.org/conda-forge/linux-64/libnsl-2.0.1-hd590300_0.conda
      - conda: https://conda.anaconda.org/conda-forge/linux-64/libsqlite-3.47.0-hadc24fc_0.conda
      - conda: https://conda.anaconda.org/conda-forge/linux-64/libstdcxx-14.2.0-hc0a3c3a_1.conda
      - conda: https://conda.anaconda.org/conda-forge/linux-64/libuuid-2.38.1-h0b41bf4_0.conda
      - conda: https://conda.anaconda.org/conda-forge/linux-64/libxcrypt-4.4.36-hd590300_1.conda
      - conda: https://conda.anaconda.org/conda-forge/linux-64/libzlib-1.3.1-hb9d3cd8_2.conda
      - conda: https://conda.anaconda.org/conda-forge/linux-64/ncurses-6.5-he02047a_1.conda
      - conda: https://conda.anaconda.org/conda-forge/linux-64/openssl-3.3.2-hb9d3cd8_0.conda
      - conda: https://conda.anaconda.org/conda-forge/noarch/prompt-toolkit-3.0.38-pyha770c72_0.conda
      - conda: https://conda.anaconda.org/conda-forge/noarch/prompt_toolkit-3.0.38-hd8ed1ab_0.conda
      - conda: https://conda.anaconda.org/conda-forge/noarch/pycparser-2.22-pyhd8ed1ab_0.conda
      - conda: https://conda.anaconda.org/conda-forge/noarch/pysocks-1.7.1-pyha2e5f31_6.tar.bz2
      - conda: https://conda.anaconda.org/conda-forge/linux-64/python-3.12.7-hc5c86c4_0_cpython.conda
      - conda: https://conda.anaconda.org/conda-forge/noarch/python-dateutil-2.9.0-pyhd8ed1ab_0.conda
      - conda: https://conda.anaconda.org/conda-forge/linux-64/python_abi-3.12-5_cp312.conda
      - conda: https://conda.anaconda.org/conda-forge/linux-64/readline-8.2-h8228510_1.conda
      - conda: https://conda.anaconda.org/conda-forge/linux-64/ruamel.yaml-0.17.17-py312h66e93f0_3.conda
      - conda: https://conda.anaconda.org/conda-forge/linux-64/ruamel.yaml.clib-0.2.8-py312h66e93f0_1.conda
      - conda: https://conda.anaconda.org/conda-forge/linux-64/s2n-1.5.5-h3931f03_0.conda
      - conda: https://conda.anaconda.org/conda-forge/noarch/s3transfer-0.10.3-pyhd8ed1ab_0.conda
      - conda: https://conda.anaconda.org/conda-forge/noarch/setuptools-75.1.0-pyhd8ed1ab_0.conda
      - conda: https://conda.anaconda.org/conda-forge/noarch/six-1.16.0-pyh6c4a22f_0.tar.bz2
      - conda: https://conda.anaconda.org/conda-forge/linux-64/tk-8.6.13-noxft_h4845f30_101.conda
      - conda: https://conda.anaconda.org/conda-forge/noarch/tzdata-2024b-hc8b5060_0.conda
      - conda: https://conda.anaconda.org/conda-forge/noarch/urllib3-1.26.19-pyhd8ed1ab_0.conda
      - conda: https://conda.anaconda.org/conda-forge/noarch/wcwidth-0.2.13-pyhd8ed1ab_0.conda
      - conda: https://conda.anaconda.org/conda-forge/linux-64/xz-5.2.6-h166bdaf_0.tar.bz2
packages:
- kind: conda
  name: _libgcc_mutex
  version: '0.1'
  build: conda_forge
  subdir: linux-64
  url: https://conda.anaconda.org/conda-forge/linux-64/_libgcc_mutex-0.1-conda_forge.tar.bz2
  sha256: fe51de6107f9edc7aa4f786a70f4a883943bc9d39b3bb7307c04c41410990726
  md5: d7c89558ba9fa0495403155b64376d81
  license: None
  size: 2562
  timestamp: 1578324546067
- kind: conda
  name: _openmp_mutex
  version: '4.5'
  build: 2_gnu
  build_number: 16
  subdir: linux-64
  url: https://conda.anaconda.org/conda-forge/linux-64/_openmp_mutex-4.5-2_gnu.tar.bz2
  sha256: fbe2c5e56a653bebb982eda4876a9178aedfc2b545f25d0ce9c4c0b508253d22
  md5: 73aaf86a425cc6e73fcf236a5a46396d
  depends:
  - _libgcc_mutex 0.1 conda_forge
  - libgomp >=7.5.0
  constrains:
  - openmp_impl 9999
  license: BSD-3-Clause
  license_family: BSD
  size: 23621
  timestamp: 1650670423406
- kind: conda
  name: aws-c-auth
  version: 0.7.31
  build: hd5d0ea3_3
  build_number: 3
  subdir: linux-64
  url: https://conda.anaconda.org/conda-forge/linux-64/aws-c-auth-0.7.31-hd5d0ea3_3.conda
  sha256: 7ed62cde8328b46a6abce032fe485ac895b3e9708e104894d1a009df4464ad6a
  md5: bafc68489a651309865dde375cf3cbf6
  depends:
  - __glibc >=2.17,<3.0.a0
  - aws-c-cal >=0.7.4,<0.7.5.0a0
  - aws-c-common >=0.9.29,<0.9.30.0a0
  - aws-c-http >=0.8.10,<0.8.11.0a0
  - aws-c-io >=0.14.20,<0.14.21.0a0
  - aws-c-sdkutils >=0.1.19,<0.1.20.0a0
  - libgcc >=13
  license: Apache-2.0
  license_family: Apache
  size: 107528
  timestamp: 1729532890379
- kind: conda
  name: aws-c-cal
  version: 0.7.4
  build: hae4d56a_2
  build_number: 2
  subdir: linux-64
  url: https://conda.anaconda.org/conda-forge/linux-64/aws-c-cal-0.7.4-hae4d56a_2.conda
  sha256: 4bfed63898a1697364ce9621e1fc09c98f143777b0ca60655eb812efa5bf246d
  md5: cdc628e4ffb4ffcd476e3847267e1689
  depends:
  - __glibc >=2.17,<3.0.a0
  - aws-c-common >=0.9.29,<0.9.30.0a0
  - libgcc >=13
  - openssl >=3.3.1,<4.0a0
  license: Apache-2.0
  license_family: Apache
  size: 47181
  timestamp: 1728755555430
- kind: conda
  name: aws-c-common
  version: 0.9.29
  build: hb9d3cd8_0
  subdir: linux-64
  url: https://conda.anaconda.org/conda-forge/linux-64/aws-c-common-0.9.29-hb9d3cd8_0.conda
  sha256: b3b50f518e9afad383f6851bf7000cf8b343d7d3ca71558df233ee7b4bfc2919
  md5: acc51b49fd7467c8dfe4343001b812b4
  depends:
  - __glibc >=2.17,<3.0.a0
  - libgcc >=13
  license: Apache-2.0
  license_family: Apache
  size: 237231
  timestamp: 1728706773555
- kind: conda
  name: aws-c-compression
  version: 0.2.19
  build: h2bff981_2
  build_number: 2
  subdir: linux-64
  url: https://conda.anaconda.org/conda-forge/linux-64/aws-c-compression-0.2.19-h2bff981_2.conda
  sha256: 908a416ff3f62b09bed436e1f77418f54115412244734d3960b11d586dd0749f
  md5: 87a059d4d2ab89409496416119dd7152
  depends:
  - __glibc >=2.17,<3.0.a0
  - aws-c-common >=0.9.29,<0.9.30.0a0
  - libgcc >=13
  license: Apache-2.0
  license_family: Apache
  size: 18983
  timestamp: 1728750679322
- kind: conda
  name: aws-c-event-stream
  version: 0.4.3
  build: h6c1f5b1_5
  build_number: 5
  subdir: linux-64
  url: https://conda.anaconda.org/conda-forge/linux-64/aws-c-event-stream-0.4.3-h6c1f5b1_5.conda
  sha256: 8d2e539e0d85910cad5a76a926733640f674831eda6ca1c7189ef3007a776694
  md5: a7687d8db2bffc90a3ff09bca039fef3
  depends:
  - __glibc >=2.17,<3.0.a0
  - aws-c-common >=0.9.29,<0.9.30.0a0
  - aws-c-io >=0.14.20,<0.14.21.0a0
  - aws-checksums >=0.1.20,<0.1.21.0a0
  - libgcc >=13
  - libstdcxx >=13
  license: Apache-2.0
  license_family: Apache
  size: 53733
  timestamp: 1729527387622
- kind: conda
  name: aws-c-http
  version: 0.8.10
  build: hf2c527e_3
  build_number: 3
  subdir: linux-64
  url: https://conda.anaconda.org/conda-forge/linux-64/aws-c-http-0.8.10-hf2c527e_3.conda
  sha256: 864d8dcefc774bbcf95ce55bc5c15a650a469c23b826d93b086d61c020b4759d
  md5: 85f604aa878f86f15122e129338e4d85
  depends:
  - __glibc >=2.17,<3.0.a0
  - aws-c-cal >=0.7.4,<0.7.5.0a0
  - aws-c-common >=0.9.29,<0.9.30.0a0
  - aws-c-compression >=0.2.19,<0.2.20.0a0
  - aws-c-io >=0.14.20,<0.14.21.0a0
  - libgcc >=13
  license: Apache-2.0
  license_family: Apache
  size: 197277
  timestamp: 1729517838846
- kind: conda
  name: aws-c-io
  version: 0.14.20
  build: hc9e6898_0
  subdir: linux-64
  url: https://conda.anaconda.org/conda-forge/linux-64/aws-c-io-0.14.20-hc9e6898_0.conda
  sha256: 51ade965ea729146026b5b3237c7f57464608dd1cf723dc4d1e393949d00eeef
  md5: 005953b39123ac13a959329010a6b1e5
  depends:
  - __glibc >=2.17,<3.0.a0
  - aws-c-cal >=0.7.4,<0.7.5.0a0
  - aws-c-common >=0.9.29,<0.9.30.0a0
  - libgcc >=13
  - s2n >=1.5.5,<1.5.6.0a0
  license: Apache-2.0
  license_family: Apache
  size: 158898
  timestamp: 1729105763896
- kind: conda
  name: aws-c-mqtt
  version: 0.10.7
  build: hfbb250a_3
  build_number: 3
  subdir: linux-64
  url: https://conda.anaconda.org/conda-forge/linux-64/aws-c-mqtt-0.10.7-hfbb250a_3.conda
  sha256: ed69c3cb9001a71868bd64615cd5b13e313f337e9d81685d2c90b4f5b004f2e1
  md5: f9bceff531a0b88a5c45083ac357f6f2
  depends:
  - __glibc >=2.17,<3.0.a0
  - aws-c-common >=0.9.29,<0.9.30.0a0
  - aws-c-http >=0.8.10,<0.8.11.0a0
  - aws-c-io >=0.14.20,<0.14.21.0a0
  - libgcc >=13
  license: Apache-2.0
  license_family: Apache
  size: 194643
  timestamp: 1729534125666
- kind: conda
  name: aws-c-s3
  version: 0.6.7
  build: h7f2cdf9_1
  build_number: 1
  subdir: linux-64
  url: https://conda.anaconda.org/conda-forge/linux-64/aws-c-s3-0.6.7-h7f2cdf9_1.conda
  sha256: 3751a4b9a513319cc75ff692abd11c7466c71c9738df054c6beefb678ef6eb8e
  md5: 9a58eac43e65ed1452787ae1ff1ecd6f
  depends:
  - __glibc >=2.17,<3.0.a0
  - aws-c-auth >=0.7.31,<0.7.32.0a0
  - aws-c-cal >=0.7.4,<0.7.5.0a0
  - aws-c-common >=0.9.29,<0.9.30.0a0
  - aws-c-http >=0.8.10,<0.8.11.0a0
  - aws-c-io >=0.14.20,<0.14.21.0a0
  - aws-checksums >=0.1.20,<0.1.21.0a0
  - libgcc >=13
  - openssl >=3.3.2,<4.0a0
  license: Apache-2.0
  license_family: Apache
  size: 112840
  timestamp: 1729544207376
- kind: conda
  name: aws-c-sdkutils
  version: 0.1.19
  build: h2bff981_4
  build_number: 4
  subdir: linux-64
  url: https://conda.anaconda.org/conda-forge/linux-64/aws-c-sdkutils-0.1.19-h2bff981_4.conda
  sha256: ef65ca9eb9f32ada6fb1b47759374e7ef4f85db002f2265ebc8fd61718284cbc
  md5: 5a8afd37e2dfe464d68e63d1c38b08c5
  depends:
  - __glibc >=2.17,<3.0.a0
  - aws-c-common >=0.9.29,<0.9.30.0a0
  - libgcc >=13
  license: Apache-2.0
  license_family: Apache
  size: 55957
  timestamp: 1728755888042
- kind: conda
  name: aws-checksums
  version: 0.1.20
  build: h2bff981_1
  build_number: 1
  subdir: linux-64
  url: https://conda.anaconda.org/conda-forge/linux-64/aws-checksums-0.1.20-h2bff981_1.conda
  sha256: e1793f2e52fe04ef3a6b2069abda7960d061c6f7af1f0d5f616d43e7a7c40e3c
  md5: 8b424cf6b3cfc5cffe98bf4d16c032fb
  depends:
  - __glibc >=2.17,<3.0.a0
  - aws-c-common >=0.9.29,<0.9.30.0a0
  - libgcc >=13
  license: Apache-2.0
  license_family: Apache
  size: 72862
  timestamp: 1728750748391
- kind: conda
  name: awscli
  version: 2.18.11
  build: py312h7900ff3_0
  subdir: linux-64
  url: https://conda.anaconda.org/conda-forge/linux-64/awscli-2.18.11-py312h7900ff3_0.conda
  sha256: 028543110a3c4b34273841c83a5de3d434348b8b1241872c448fcec6e2b7c4f2
  md5: d7687839ef8107cbd7eae9c15762f905
  depends:
  - awscrt >=0.19.18,<=0.22.0
  - colorama >=0.2.5,<0.4.7
  - cryptography >=40.0.0,<43.0.2
  - distro >=1.5.0,<1.9.0
  - docutils >=0.10,<0.20
  - jmespath >=0.7.1,<1.1.0
  - prompt_toolkit >=3.0.24,<3.0.39
  - python >=3.12,<3.13.0a0
  - python-dateutil >=2.1,<=2.9.0
  - python_abi 3.12.* *_cp312
  - ruamel.yaml >=0.15.0,<=0.17.21
  - ruamel.yaml.clib >=0.2.0,<=0.2.8
  - urllib3 >=1.25.4,<1.27
  license: Apache-2.0
  size: 12586065
  timestamp: 1729556907442
- kind: conda
  name: awscrt
  version: 0.22.0
  build: py312hce51685_6
  build_number: 6
  subdir: linux-64
  url: https://conda.anaconda.org/conda-forge/linux-64/awscrt-0.22.0-py312hce51685_6.conda
  sha256: b410b71cd54097a18e75996b1164c47d8fb37ec26667491b0f914957b9f8e6b6
  md5: 14c0cce3199fcc331077cd9ca304e585
  depends:
  - __glibc >=2.17,<3.0.a0
  - aws-c-auth >=0.7.31,<0.7.32.0a0
  - aws-c-cal >=0.7.4,<0.7.5.0a0
  - aws-c-common >=0.9.29,<0.9.30.0a0
  - aws-c-event-stream >=0.4.3,<0.4.4.0a0
  - aws-c-http >=0.8.10,<0.8.11.0a0
  - aws-c-io >=0.14.20,<0.14.21.0a0
  - aws-c-mqtt >=0.10.7,<0.10.8.0a0
  - aws-c-s3 >=0.6.7,<0.6.8.0a0
  - aws-checksums >=0.1.20,<0.1.21.0a0
  - libgcc >=13
  - python >=3.12,<3.13.0a0
  - python_abi 3.12.* *_cp312
  - s2n >=1.5.5,<1.5.6.0a0
  license: Apache-2.0
  size: 194770
  timestamp: 1729557417666
- kind: conda
  name: boto
  version: 2.49.0
  build: py_0
  subdir: noarch
  noarch: python
  url: https://conda.anaconda.org/conda-forge/noarch/boto-2.49.0-py_0.tar.bz2
  sha256: adc54e1d198000dfbf53507af4c831ce6367600fffff50f8f35cab9c2b8cacab
  md5: eff2d6d409ea32c4ccd7fad21a27989b
  depends:
  - python
  license: MIT
  license_family: MIT
  size: 857723
  timestamp: 1545692484380
- kind: conda
  name: boto3
  version: 1.35.45
  build: pyhd8ed1ab_0
  subdir: noarch
  noarch: python
  url: https://conda.anaconda.org/conda-forge/noarch/boto3-1.35.45-pyhd8ed1ab_0.conda
  sha256: 40472ddc7d304fddfc3dad7beb3027ccac5b5b286a0241b2161987d66b0b049d
  md5: 455081f95c47c154bc5a7df1ed8dad66
  depends:
  - botocore >=1.35.45,<1.36.0
  - jmespath >=0.7.1,<2.0.0
  - python >=3.8
  - s3transfer >=0.10.0,<0.11.0
  license: Apache-2.0
  license_family: Apache
  size: 82965
  timestamp: 1729582116545
- kind: conda
  name: botocore
  version: 1.35.45
  build: pyge310_1234567_0
  subdir: noarch
  noarch: python
  url: https://conda.anaconda.org/conda-forge/noarch/botocore-1.35.45-pyge310_1234567_0.conda
  sha256: 1a17abacee1c1c4bfa477b6e654b318885c5cf7982567a065138ba601c88cc18
  md5: a50e2ad43543e30ff081ff4c9b093543
  depends:
  - jmespath >=0.7.1,<2.0.0
  - python >=3.10
  - python-dateutil >=2.1,<3.0.0
  - urllib3 >=1.25.4,!=2.2.0,<3
  license: Apache-2.0
  license_family: Apache
  size: 7156485
  timestamp: 1729561218120
- kind: conda
  name: brotli-python
  version: 1.1.0
  build: py312h2ec8cdc_2
  build_number: 2
  subdir: linux-64
  url: https://conda.anaconda.org/conda-forge/linux-64/brotli-python-1.1.0-py312h2ec8cdc_2.conda
  sha256: f2a59ccd20b4816dea9a2a5cb917eb69728271dbf1aeab4e1b7e609330a50b6f
  md5: b0b867af6fc74b2a0aa206da29c0f3cf
  depends:
  - __glibc >=2.17,<3.0.a0
  - libgcc >=13
  - libstdcxx >=13
  - python >=3.12,<3.13.0a0
  - python_abi 3.12.* *_cp312
  constrains:
  - libbrotlicommon 1.1.0 hb9d3cd8_2
  license: MIT
  license_family: MIT
  size: 349867
  timestamp: 1725267732089
- kind: conda
  name: bzip2
  version: 1.0.8
  build: h4bc722e_7
  build_number: 7
  subdir: linux-64
  url: https://conda.anaconda.org/conda-forge/linux-64/bzip2-1.0.8-h4bc722e_7.conda
  sha256: 5ced96500d945fb286c9c838e54fa759aa04a7129c59800f0846b4335cee770d
  md5: 62ee74e96c5ebb0af99386de58cf9553
  depends:
  - __glibc >=2.17,<3.0.a0
  - libgcc-ng >=12
  license: bzip2-1.0.6
  license_family: BSD
  size: 252783
  timestamp: 1720974456583
- kind: conda
  name: ca-certificates
  version: 2024.8.30
  build: hbcca054_0
  subdir: linux-64
  url: https://conda.anaconda.org/conda-forge/linux-64/ca-certificates-2024.8.30-hbcca054_0.conda
  sha256: afee721baa6d988e27fef1832f68d6f32ac8cc99cdf6015732224c2841a09cea
  md5: c27d1c142233b5bc9ca570c6e2e0c244
  license: ISC
  size: 159003
  timestamp: 1725018903918
- kind: conda
  name: cffi
  version: 1.17.1
  build: py312h06ac9bb_0
  subdir: linux-64
  url: https://conda.anaconda.org/conda-forge/linux-64/cffi-1.17.1-py312h06ac9bb_0.conda
  sha256: cba6ea83c4b0b4f5b5dc59cb19830519b28f95d7ebef7c9c5cf1c14843621457
  md5: a861504bbea4161a9170b85d4d2be840
  depends:
  - __glibc >=2.17,<3.0.a0
  - libffi >=3.4,<4.0a0
  - libgcc >=13
  - pycparser
  - python >=3.12,<3.13.0a0
  - python_abi 3.12.* *_cp312
  license: MIT
  license_family: MIT
  size: 294403
  timestamp: 1725560714366
- kind: conda
  name: click
  version: 8.1.7
  build: unix_pyh707e725_0
  subdir: noarch
  noarch: python
  url: https://conda.anaconda.org/conda-forge/noarch/click-8.1.7-unix_pyh707e725_0.conda
  sha256: f0016cbab6ac4138a429e28dbcb904a90305b34b3fe41a9b89d697c90401caec
  md5: f3ad426304898027fc619827ff428eca
  depends:
  - __unix
  - python >=3.8
  license: BSD-3-Clause
  license_family: BSD
  size: 84437
  timestamp: 1692311973840
- kind: conda
  name: colorama
  version: 0.4.6
  build: pyhd8ed1ab_0
  subdir: noarch
  noarch: python
  url: https://conda.anaconda.org/conda-forge/noarch/colorama-0.4.6-pyhd8ed1ab_0.tar.bz2
  sha256: 2c1b2e9755ce3102bca8d69e8f26e4f087ece73f50418186aee7c74bef8e1698
  md5: 3faab06a954c2a04039983f2c4a50d99
  depends:
  - python >=3.7
  license: BSD-3-Clause
  license_family: BSD
  size: 25170
  timestamp: 1666700778190
- kind: conda
  name: cryptography
  version: 43.0.1
  build: py312hda17c39_0
  subdir: linux-64
  url: https://conda.anaconda.org/conda-forge/linux-64/cryptography-43.0.1-py312hda17c39_0.conda
  sha256: 691c9491da9e730b8b4f6903e05a05530a6699aa73dc483244448fed97348899
  md5: 1b673277378cb4c80a061a4c6f453b6d
  depends:
  - __glibc >=2.17,<3.0.a0
  - cffi >=1.12
  - libgcc >=13
  - openssl >=3.3.2,<4.0a0
  - python >=3.12,<3.13.0a0
  - python_abi 3.12.* *_cp312
  constrains:
  - __glibc >=2.17
  license: Apache-2.0 AND BSD-3-Clause AND PSF-2.0 AND MIT
  license_family: BSD
  size: 1497649
  timestamp: 1725443252315
- kind: conda
  name: distro
  version: 1.8.0
  build: pyhd8ed1ab_0
  subdir: noarch
  noarch: python
  url: https://conda.anaconda.org/conda-forge/noarch/distro-1.8.0-pyhd8ed1ab_0.conda
  sha256: 0d01c4da6d4f0a935599210f82ac0630fa9aeb4fc37cbbc78043a932a39ec4f3
  md5: 67999c5465064480fa8016d00ac768f6
  depends:
  - python >=3.6
  license: Apache-2.0
  license_family: APACHE
  size: 40854
  timestamp: 1675116355989
- kind: conda
  name: docutils
  version: 0.17.1
  build: py312h7900ff3_5
  build_number: 5
  subdir: linux-64
  url: https://conda.anaconda.org/conda-forge/linux-64/docutils-0.17.1-py312h7900ff3_5.conda
  sha256: 08579633226e26efe07e17b00053902e308e0207be06d0727fde47c75d3b6696
  md5: 95272f48d93f9417c22fd14f30bfb995
  depends:
  - python >=3.12,<3.13.0a0
  - python_abi 3.12.* *_cp312
  license: CC-PDDC AND BSD-3-Clause AND BSD-2-Clause AND ZPL-2.1
  size: 929566
  timestamp: 1713293455024
- kind: conda
  name: jmespath
  version: 1.0.1
  build: pyhd8ed1ab_0
  subdir: noarch
  noarch: python
  url: https://conda.anaconda.org/conda-forge/noarch/jmespath-1.0.1-pyhd8ed1ab_0.tar.bz2
  sha256: 95ac5f9ee95fd4e34dc051746fc86016d3d4f6abefed113e2ede049d59ec2991
  md5: 2cfa3e1cf3fb51bb9b17acc5b5e9ea11
  depends:
  - python >=3.7
  license: MIT
  license_family: MIT
  size: 21003
  timestamp: 1655568358125
- kind: conda
  name: ld_impl_linux-64
  version: '2.43'
  build: h712a8e2_1
  build_number: 1
  subdir: linux-64
  url: https://conda.anaconda.org/conda-forge/linux-64/ld_impl_linux-64-2.43-h712a8e2_1.conda
  sha256: 0c21387f9a411e3d1f7f2969026bacfece133c8f1e72faea9cde29c0c19e1f3a
  md5: 83e1364586ceb8d0739fbc85b5c95837
  depends:
  - __glibc >=2.17,<3.0.a0
  constrains:
  - binutils_impl_linux-64 2.43
  license: GPL-3.0-only
  license_family: GPL
  size: 669616
  timestamp: 1727304687962
- kind: conda
  name: libexpat
  version: 2.6.3
  build: h5888daf_0
  subdir: linux-64
  url: https://conda.anaconda.org/conda-forge/linux-64/libexpat-2.6.3-h5888daf_0.conda
  sha256: 4bb47bb2cd09898737a5211e2992d63c555d63715a07ba56eae0aff31fb89c22
  md5: 59f4c43bb1b5ef1c71946ff2cbf59524
  depends:
  - __glibc >=2.17,<3.0.a0
  - libgcc >=13
  constrains:
  - expat 2.6.3.*
  license: MIT
  license_family: MIT
  size: 73616
  timestamp: 1725568742634
- kind: conda
  name: libffi
  version: 3.4.2
  build: h7f98852_5
  build_number: 5
  subdir: linux-64
  url: https://conda.anaconda.org/conda-forge/linux-64/libffi-3.4.2-h7f98852_5.tar.bz2
  sha256: ab6e9856c21709b7b517e940ae7028ae0737546122f83c2aa5d692860c3b149e
  md5: d645c6d2ac96843a2bfaccd2d62b3ac3
  depends:
  - libgcc-ng >=9.4.0
  license: MIT
  license_family: MIT
  size: 58292
  timestamp: 1636488182923
- kind: conda
  name: libgcc
  version: 14.2.0
  build: h77fa898_1
  build_number: 1
  subdir: linux-64
  url: https://conda.anaconda.org/conda-forge/linux-64/libgcc-14.2.0-h77fa898_1.conda
  sha256: 53eb8a79365e58849e7b1a068d31f4f9e718dc938d6f2c03e960345739a03569
  md5: 3cb76c3f10d3bc7f1105b2fc9db984df
  depends:
  - _libgcc_mutex 0.1 conda_forge
  - _openmp_mutex >=4.5
  constrains:
  - libgomp 14.2.0 h77fa898_1
  - libgcc-ng ==14.2.0=*_1
  license: GPL-3.0-only WITH GCC-exception-3.1
  license_family: GPL
  size: 848745
  timestamp: 1729027721139
- kind: conda
  name: libgcc-ng
  version: 14.2.0
  build: h69a702a_1
  build_number: 1
  subdir: linux-64
  url: https://conda.anaconda.org/conda-forge/linux-64/libgcc-ng-14.2.0-h69a702a_1.conda
  sha256: 3a76969c80e9af8b6e7a55090088bc41da4cffcde9e2c71b17f44d37b7cb87f7
  md5: e39480b9ca41323497b05492a63bc35b
  depends:
  - libgcc 14.2.0 h77fa898_1
  license: GPL-3.0-only WITH GCC-exception-3.1
  license_family: GPL
  size: 54142
  timestamp: 1729027726517
- kind: conda
  name: libgomp
  version: 14.2.0
  build: h77fa898_1
  build_number: 1
  subdir: linux-64
  url: https://conda.anaconda.org/conda-forge/linux-64/libgomp-14.2.0-h77fa898_1.conda
  sha256: 1911c29975ec99b6b906904040c855772ccb265a1c79d5d75c8ceec4ed89cd63
  md5: cc3573974587f12dda90d96e3e55a702
  depends:
  - _libgcc_mutex 0.1 conda_forge
  license: GPL-3.0-only WITH GCC-exception-3.1
  license_family: GPL
  size: 460992
  timestamp: 1729027639220
- kind: conda
  name: libnsl
  version: 2.0.1
  build: hd590300_0
  subdir: linux-64
  url: https://conda.anaconda.org/conda-forge/linux-64/libnsl-2.0.1-hd590300_0.conda
  sha256: 26d77a3bb4dceeedc2a41bd688564fe71bf2d149fdcf117049970bc02ff1add6
  md5: 30fd6e37fe21f86f4bd26d6ee73eeec7
  depends:
  - libgcc-ng >=12
  license: LGPL-2.1-only
  license_family: GPL
  size: 33408
  timestamp: 1697359010159
- kind: conda
  name: libsqlite
  version: 3.47.0
  build: hadc24fc_0
  subdir: linux-64
  url: https://conda.anaconda.org/conda-forge/linux-64/libsqlite-3.47.0-hadc24fc_0.conda
  sha256: 76ffc7a5823b51735c11d535f3666b3c9c7d1519f9fbb6fa9cdff79db01960b9
  md5: 540296f0ce9d3352188c15a89b30b9ac
  depends:
  - __glibc >=2.17,<3.0.a0
  - libgcc >=13
  - libzlib >=1.3.1,<2.0a0
  license: Unlicense
  size: 874704
  timestamp: 1729591931557
- kind: conda
  name: libstdcxx
  version: 14.2.0
  build: hc0a3c3a_1
  build_number: 1
  subdir: linux-64
  url: https://conda.anaconda.org/conda-forge/linux-64/libstdcxx-14.2.0-hc0a3c3a_1.conda
  sha256: 4661af0eb9bdcbb5fb33e5d0023b001ad4be828fccdcc56500059d56f9869462
  md5: 234a5554c53625688d51062645337328
  depends:
  - libgcc 14.2.0 h77fa898_1
  license: GPL-3.0-only WITH GCC-exception-3.1
  license_family: GPL
  size: 3893695
  timestamp: 1729027746910
- kind: conda
  name: libuuid
  version: 2.38.1
  build: h0b41bf4_0
  subdir: linux-64
  url: https://conda.anaconda.org/conda-forge/linux-64/libuuid-2.38.1-h0b41bf4_0.conda
  sha256: 787eb542f055a2b3de553614b25f09eefb0a0931b0c87dbcce6efdfd92f04f18
  md5: 40b61aab5c7ba9ff276c41cfffe6b80b
  depends:
  - libgcc-ng >=12
  license: BSD-3-Clause
  license_family: BSD
  size: 33601
  timestamp: 1680112270483
- kind: conda
  name: libxcrypt
  version: 4.4.36
  build: hd590300_1
  build_number: 1
  subdir: linux-64
  url: https://conda.anaconda.org/conda-forge/linux-64/libxcrypt-4.4.36-hd590300_1.conda
  sha256: 6ae68e0b86423ef188196fff6207ed0c8195dd84273cb5623b85aa08033a410c
  md5: 5aa797f8787fe7a17d1b0821485b5adc
  depends:
  - libgcc-ng >=12
  license: LGPL-2.1-or-later
  size: 100393
  timestamp: 1702724383534
- kind: conda
  name: libzlib
  version: 1.3.1
  build: hb9d3cd8_2
  build_number: 2
  subdir: linux-64
  url: https://conda.anaconda.org/conda-forge/linux-64/libzlib-1.3.1-hb9d3cd8_2.conda
  sha256: d4bfe88d7cb447768e31650f06257995601f89076080e76df55e3112d4e47dc4
  md5: edb0dca6bc32e4f4789199455a1dbeb8
  depends:
  - __glibc >=2.17,<3.0.a0
  - libgcc >=13
  constrains:
  - zlib 1.3.1 *_2
  license: Zlib
  license_family: Other
  size: 60963
  timestamp: 1727963148474
- kind: conda
  name: ncurses
  version: '6.5'
  build: he02047a_1
  build_number: 1
  subdir: linux-64
  url: https://conda.anaconda.org/conda-forge/linux-64/ncurses-6.5-he02047a_1.conda
  sha256: 6a1d5d8634c1a07913f1c525db6455918cbc589d745fac46d9d6e30340c8731a
  md5: 70caf8bb6cf39a0b6b7efc885f51c0fe
  depends:
  - __glibc >=2.17,<3.0.a0
  - libgcc-ng >=12
  license: X11 AND BSD-3-Clause
  size: 889086
  timestamp: 1724658547447
- kind: conda
  name: openssl
  version: 3.3.2
  build: hb9d3cd8_0
  subdir: linux-64
  url: https://conda.anaconda.org/conda-forge/linux-64/openssl-3.3.2-hb9d3cd8_0.conda
  sha256: cee91036686419f6dd6086902acf7142b4916e1c4ba042e9ca23e151da012b6d
  md5: 4d638782050ab6faa27275bed57e9b4e
  depends:
  - __glibc >=2.17,<3.0.a0
  - ca-certificates
  - libgcc >=13
  license: Apache-2.0
  license_family: Apache
  size: 2891789
  timestamp: 1725410790053
- kind: conda
  name: prompt-toolkit
  version: 3.0.38
  build: pyha770c72_0
  subdir: noarch
  noarch: python
  url: https://conda.anaconda.org/conda-forge/noarch/prompt-toolkit-3.0.38-pyha770c72_0.conda
  sha256: 78c2f3c6195ec350d7d6e5fa3e43274ca8191c181c97a867e2920faaeec0e9bc
  md5: 59ba1bf8ea558751a0d391249a248765
  depends:
  - python >=3.7
  - wcwidth
  constrains:
  - prompt_toolkit 3.0.38
  license: BSD-3-Clause
  license_family: BSD
  size: 269375
  timestamp: 1677601102637
- kind: conda
  name: prompt_toolkit
  version: 3.0.38
  build: hd8ed1ab_0
  subdir: noarch
  noarch: generic
  url: https://conda.anaconda.org/conda-forge/noarch/prompt_toolkit-3.0.38-hd8ed1ab_0.conda
  sha256: c0f24a75d27918eb33f86902aa6024783d128a89eb3a169bcb22f24163a422b3
  md5: 45b74f64d8808eda7e6f6e6b1d641fd2
  depends:
  - prompt-toolkit >=3.0.38,<3.0.39.0a0
  license: BSD-3-Clause
  license_family: BSD
  size: 6402
  timestamp: 1677601110741
- kind: conda
  name: pycparser
  version: '2.22'
  build: pyhd8ed1ab_0
  subdir: noarch
  noarch: python
  url: https://conda.anaconda.org/conda-forge/noarch/pycparser-2.22-pyhd8ed1ab_0.conda
  sha256: 406001ebf017688b1a1554b49127ca3a4ac4626ec0fd51dc75ffa4415b720b64
  md5: 844d9eb3b43095b031874477f7d70088
  depends:
  - python >=3.8
  license: BSD-3-Clause
  license_family: BSD
  size: 105098
  timestamp: 1711811634025
- kind: conda
  name: pysocks
  version: 1.7.1
  build: pyha2e5f31_6
  build_number: 6
  subdir: noarch
  noarch: python
  url: https://conda.anaconda.org/conda-forge/noarch/pysocks-1.7.1-pyha2e5f31_6.tar.bz2
  sha256: a42f826e958a8d22e65b3394f437af7332610e43ee313393d1cf143f0a2d274b
  md5: 2a7de29fb590ca14b5243c4c812c8025
  depends:
  - __unix
  - python >=3.8
  license: BSD-3-Clause
  license_family: BSD
  size: 18981
  timestamp: 1661604969727
- kind: conda
  name: python
  version: 3.12.7
  build: hc5c86c4_0_cpython
  subdir: linux-64
  url: https://conda.anaconda.org/conda-forge/linux-64/python-3.12.7-hc5c86c4_0_cpython.conda
  sha256: 674be31ff152d9f0e0fe16959a45e3803a730fc4f54d87df6a9ac4e6a698c41d
  md5: 0515111a9cdf69f83278f7c197db9807
  depends:
  - __glibc >=2.17,<3.0.a0
  - bzip2 >=1.0.8,<2.0a0
  - ld_impl_linux-64 >=2.36.1
  - libexpat >=2.6.3,<3.0a0
  - libffi >=3.4,<4.0a0
  - libgcc >=13
  - libnsl >=2.0.1,<2.1.0a0
  - libsqlite >=3.46.1,<4.0a0
  - libuuid >=2.38.1,<3.0a0
  - libxcrypt >=4.4.36
  - libzlib >=1.3.1,<2.0a0
  - ncurses >=6.5,<7.0a0
  - openssl >=3.3.2,<4.0a0
  - readline >=8.2,<9.0a0
  - tk >=8.6.13,<8.7.0a0
  - tzdata
  - xz >=5.2.6,<6.0a0
  constrains:
  - python_abi 3.12.* *_cp312
  license: Python-2.0
  size: 31574780
  timestamp: 1728059777603
- kind: conda
  name: python-dateutil
  version: 2.9.0
  build: pyhd8ed1ab_0
  subdir: noarch
  noarch: python
  url: https://conda.anaconda.org/conda-forge/noarch/python-dateutil-2.9.0-pyhd8ed1ab_0.conda
  sha256: f3ceef02ac164a8d3a080d0d32f8e2ebe10dd29e3a685d240e38b3599e146320
  md5: 2cf4264fffb9e6eff6031c5b6884d61c
  depends:
  - python >=3.7
  - six >=1.5
  license: Apache-2.0
  license_family: APACHE
  size: 222742
  timestamp: 1709299922152
- kind: conda
  name: python_abi
  version: '3.12'
  build: 5_cp312
  build_number: 5
  subdir: linux-64
  url: https://conda.anaconda.org/conda-forge/linux-64/python_abi-3.12-5_cp312.conda
  sha256: d10e93d759931ffb6372b45d65ff34d95c6000c61a07e298d162a3bc2accebb0
  md5: 0424ae29b104430108f5218a66db7260
  constrains:
  - python 3.12.* *_cpython
  license: BSD-3-Clause
  license_family: BSD
  size: 6238
  timestamp: 1723823388266
- kind: conda
  name: readline
  version: '8.2'
  build: h8228510_1
  build_number: 1
  subdir: linux-64
  url: https://conda.anaconda.org/conda-forge/linux-64/readline-8.2-h8228510_1.conda
  sha256: 5435cf39d039387fbdc977b0a762357ea909a7694d9528ab40f005e9208744d7
  md5: 47d31b792659ce70f470b5c82fdfb7a4
  depends:
  - libgcc-ng >=12
  - ncurses >=6.3,<7.0a0
  license: GPL-3.0-only
  license_family: GPL
  size: 281456
  timestamp: 1679532220005
- kind: conda
  name: ruamel.yaml
  version: 0.17.17
  build: py312h66e93f0_3
  build_number: 3
  subdir: linux-64
  url: https://conda.anaconda.org/conda-forge/linux-64/ruamel.yaml-0.17.17-py312h66e93f0_3.conda
  sha256: df43500e2d395ce2431291b12c8e6e25527c2613599b9999830125f1bd018972
  md5: e50ee865ea22650606f8da8b5c27deb3
  depends:
  - __glibc >=2.17,<3.0.a0
  - libgcc >=13
  - python >=3.12,<3.13.0a0
  - python_abi 3.12.* *_cp312
  - ruamel.yaml.clib >=0.1.2
  - setuptools
  license: MIT
  license_family: MIT
  size: 251059
  timestamp: 1728738915878
- kind: conda
  name: ruamel.yaml.clib
  version: 0.2.8
  build: py312h66e93f0_1
  build_number: 1
  subdir: linux-64
  url: https://conda.anaconda.org/conda-forge/linux-64/ruamel.yaml.clib-0.2.8-py312h66e93f0_1.conda
  sha256: ac987b1c186d79e4e1ce4354a84724fc68db452b2bd61de3a3e1b6fc7c26138d
  md5: 532c3e5d0280be4fea52396ec1fa7d5d
  depends:
  - __glibc >=2.17,<3.0.a0
  - libgcc >=13
  - python >=3.12,<3.13.0a0
  - python_abi 3.12.* *_cp312
  license: MIT
  license_family: MIT
  size: 145481
  timestamp: 1728724626666
- kind: conda
  name: s2n
  version: 1.5.5
  build: h3931f03_0
  subdir: linux-64
  url: https://conda.anaconda.org/conda-forge/linux-64/s2n-1.5.5-h3931f03_0.conda
  sha256: a6fa0afa836f8f26dea0abc180ca2549bb517932d9a88a121e707135d4bcb715
  md5: 334dba9982ab9f5d62033c61698a8683
  depends:
  - __glibc >=2.17,<3.0.a0
  - libgcc >=13
  - openssl >=3.3.2,<4.0a0
  license: Apache-2.0
  license_family: Apache
  size: 353081
  timestamp: 1728534228471
- kind: conda
  name: s3transfer
  version: 0.10.3
  build: pyhd8ed1ab_0
  subdir: noarch
  noarch: python
  url: https://conda.anaconda.org/conda-forge/noarch/s3transfer-0.10.3-pyhd8ed1ab_0.conda
  sha256: a8d6061e31cd4e315b26ab1f6a74c618c930d3e14eb3b7c82e4077a11eae2141
  md5: 0878f8e10cb8b4e069d27db48b95c3b5
  depends:
  - botocore >=1.33.2,<2.0a.0
  - python >=3.8
  license: Apache-2.0
  license_family: Apache
  size: 62760
  timestamp: 1728459929646
- kind: conda
  name: setuptools
  version: 75.1.0
  build: pyhd8ed1ab_0
  subdir: noarch
  noarch: python
  url: https://conda.anaconda.org/conda-forge/noarch/setuptools-75.1.0-pyhd8ed1ab_0.conda
  sha256: 6725235722095c547edd24275053c615158d6163f396550840aebd6e209e4738
  md5: d5cd48392c67fb6849ba459c2c2b671f
  depends:
  - python >=3.8
  license: MIT
  license_family: MIT
  size: 777462
  timestamp: 1727249510532
- kind: conda
  name: six
  version: 1.16.0
  build: pyh6c4a22f_0
  subdir: noarch
  noarch: python
  url: https://conda.anaconda.org/conda-forge/noarch/six-1.16.0-pyh6c4a22f_0.tar.bz2
  sha256: a85c38227b446f42c5b90d9b642f2c0567880c15d72492d8da074a59c8f91dd6
  md5: e5f25f8dbc060e9a8d912e432202afc2
  depends:
  - python
  license: MIT
  license_family: MIT
  size: 14259
  timestamp: 1620240338595
- kind: conda
  name: tk
  version: 8.6.13
  build: noxft_h4845f30_101
  build_number: 101
  subdir: linux-64
  url: https://conda.anaconda.org/conda-forge/linux-64/tk-8.6.13-noxft_h4845f30_101.conda
  sha256: e0569c9caa68bf476bead1bed3d79650bb080b532c64a4af7d8ca286c08dea4e
  md5: d453b98d9c83e71da0741bb0ff4d76bc
  depends:
  - libgcc-ng >=12
  - libzlib >=1.2.13,<2.0.0a0
  license: TCL
  license_family: BSD
  size: 3318875
  timestamp: 1699202167581
- kind: conda
  name: tzdata
  version: 2024b
  build: hc8b5060_0
  subdir: noarch
  noarch: generic
  url: https://conda.anaconda.org/conda-forge/noarch/tzdata-2024b-hc8b5060_0.conda
  sha256: 4fde5c3008bf5d2db82f2b50204464314cc3c91c1d953652f7bd01d9e52aefdf
  md5: 8ac3367aafb1cc0a068483c580af8015
  license: LicenseRef-Public-Domain
  size: 122354
  timestamp: 1728047496079
- kind: conda
  name: urllib3
  version: 1.26.19
  build: pyhd8ed1ab_0
  subdir: noarch
  noarch: python
  url: https://conda.anaconda.org/conda-forge/noarch/urllib3-1.26.19-pyhd8ed1ab_0.conda
  sha256: 543ebab5241418a4e0d4d9e356ef13e4361504810a067a01481660bb35eb5643
  md5: 6bb37c314b3cc1515dcf086ffe01c46e
  depends:
  - brotli-python >=1.0.9
  - pysocks >=1.5.6,<2.0,!=1.5.7
  - python >=3.7
  license: MIT
  license_family: MIT
  size: 115125
  timestamp: 1718728467518
- kind: conda
  name: wcwidth
  version: 0.2.13
  build: pyhd8ed1ab_0
  subdir: noarch
  noarch: python
  url: https://conda.anaconda.org/conda-forge/noarch/wcwidth-0.2.13-pyhd8ed1ab_0.conda
  sha256: b6cd2fee7e728e620ec736d8dfee29c6c9e2adbd4e695a31f1d8f834a83e57e3
  md5: 68f0738df502a14213624b288c60c9ad
  depends:
  - python >=3.8
  license: MIT
  license_family: MIT
  size: 32709
  timestamp: 1704731373922
- kind: conda
  name: xz
  version: 5.2.6
  build: h166bdaf_0
  subdir: linux-64
  url: https://conda.anaconda.org/conda-forge/linux-64/xz-5.2.6-h166bdaf_0.tar.bz2
  sha256: 03a6d28ded42af8a347345f82f3eebdd6807a08526d47899a42d62d319609162
  md5: 2161070d867d1b1204ea749c8eec4ef0
  depends:
  - libgcc-ng >=12
  license: LGPL-2.1 and GPL-2.0
  size: 418368
  timestamp: 1660346797927
